// !$*UTF8*$!
{
	archiveVersion = 1;
	classes = {
	};
	objectVersion = 77;
	objects = {

/* Begin PBXContainerItemProxy section */
		06A446C22DFA0B4900B9C0ED /* PBXContainerItemProxy */ = {
			isa = PBXContainerItemProxy;
			containerPortal = 06A446A72DFA0B4800B9C0ED /* Project object */;
			proxyType = 1;
			remoteGlobalIDString = 06A446AE2DFA0B4800B9C0ED;
			remoteInfo = FetchTakeHome;
		};
		06A446CC2DFA0B4900B9C0ED /* PBXContainerItemProxy */ = {
			isa = PBXContainerItemProxy;
			containerPortal = 06A446A72DFA0B4800B9C0ED /* Project object */;
			proxyType = 1;
			remoteGlobalIDString = 06A446AE2DFA0B4800B9C0ED;
			remoteInfo = FetchTakeHome;
		};
/* End PBXContainerItemProxy section */

/* Begin PBXFileReference section */
		06A446AF2DFA0B4800B9C0ED /* FetchTakeHome.app */ = {isa = PBXFileReference; explicitFileType = wrapper.application; includeInIndex = 0; path = FetchTakeHome.app; sourceTree = BUILT_PRODUCTS_DIR; };
		06A446C12DFA0B4900B9C0ED /* FetchTakeHomeTests.xctest */ = {isa = PBXFileReference; explicitFileType = wrapper.cfbundle; includeInIndex = 0; path = FetchTakeHomeTests.xctest; sourceTree = BUILT_PRODUCTS_DIR; };
		06A446CB2DFA0B4900B9C0ED /* FetchTakeHomeUITests.xctest */ = {isa = PBXFileReference; explicitFileType = wrapper.cfbundle; includeInIndex = 0; path = FetchTakeHomeUITests.xctest; sourceTree = BUILT_PRODUCTS_DIR; };
/* End PBXFileReference section */

/* Begin PBXFileSystemSynchronizedRootGroup section */
		06A446B12DFA0B4800B9C0ED /* FetchTakeHome */ = {
			isa = PBXFileSystemSynchronizedRootGroup;
			path = FetchTakeHome;
			sourceTree = "<group>";
		};
		06A446C42DFA0B4900B9C0ED /* FetchTakeHomeTests */ = {
			isa = PBXFileSystemSynchronizedRootGroup;
			path = FetchTakeHomeTests;
			sourceTree = "<group>";
		};
		06A446CE2DFA0B4900B9C0ED /* FetchTakeHomeUITests */ = {
			isa = PBXFileSystemSynchronizedRootGroup;
			path = FetchTakeHomeUITests;
			sourceTree = "<group>";
		};
/* End PBXFileSystemSynchronizedRootGroup section */

/* Begin PBXFrameworksBuildPhase section */
		06A446AC2DFA0B4800B9C0ED /* Frameworks */ = {
			isa = PBXFrameworksBuildPhase;
			buildActionMask = 2147483647;
			files = (
			);
			runOnlyForDeploymentPostprocessing = 0;
		};
		06A446BE2DFA0B4900B9C0ED /* Frameworks */ = {
			isa = PBXFrameworksBuildPhase;
			buildActionMask = 2147483647;
			files = (
			);
			runOnlyForDeploymentPostprocessing = 0;
		};
		06A446C82DFA0B4900B9C0ED /* Frameworks */ = {
			isa = PBXFrameworksBuildPhase;
			buildActionMask = 2147483647;
			files = (
			);
			runOnlyForDeploymentPostprocessing = 0;
		};
/* End PBXFrameworksBuildPhase section */

/* Begin PBXGroup section */
		06A446A62DFA0B4800B9C0ED = {
			isa = PBXGroup;
			children = (
				06A446B12DFA0B4800B9C0ED /* FetchTakeHome */,
				06A446C42DFA0B4900B9C0ED /* FetchTakeHomeTests */,
				06A446CE2DFA0B4900B9C0ED /* FetchTakeHomeUITests */,
				06A446B02DFA0B4800B9C0ED /* Products */,
			);
			sourceTree = "<group>";
		};
		06A446B02DFA0B4800B9C0ED /* Products */ = {
			isa = PBXGroup;
			children = (
				06A446AF2DFA0B4800B9C0ED /* FetchTakeHome.app */,
				06A446C12DFA0B4900B9C0ED /* FetchTakeHomeTests.xctest */,
				06A446CB2DFA0B4900B9C0ED /* FetchTakeHomeUITests.xctest */,
			);
			name = Products;
			sourceTree = "<group>";
		};
/* End PBXGroup section */

/* Begin PBXNativeTarget section */
		06A446AE2DFA0B4800B9C0ED /* FetchTakeHome */ = {
			isa = PBXNativeTarget;
			buildConfigurationList = 06A446D52DFA0B4900B9C0ED /* Build configuration list for PBXNativeTarget "FetchTakeHome" */;
			buildPhases = (
				06A446AB2DFA0B4800B9C0ED /* Sources */,
				06A446AC2DFA0B4800B9C0ED /* Frameworks */,
				06A446AD2DFA0B4800B9C0ED /* Resources */,
			);
			buildRules = (
			);
			dependencies = (
			);
			fileSystemSynchronizedGroups = (
				06A446B12DFA0B4800B9C0ED /* FetchTakeHome */,
			);
			name = FetchTakeHome;
			packageProductDependencies = (
			);
			productName = FetchTakeHome;
			productReference = 06A446AF2DFA0B4800B9C0ED /* FetchTakeHome.app */;
			productType = "com.apple.product-type.application";
		};
		06A446C02DFA0B4900B9C0ED /* FetchTakeHomeTests */ = {
			isa = PBXNativeTarget;
			buildConfigurationList = 06A446D82DFA0B4900B9C0ED /* Build configuration list for PBXNativeTarget "FetchTakeHomeTests" */;
			buildPhases = (
				06A446BD2DFA0B4900B9C0ED /* Sources */,
				06A446BE2DFA0B4900B9C0ED /* Frameworks */,
				06A446BF2DFA0B4900B9C0ED /* Resources */,
			);
			buildRules = (
			);
			dependencies = (
				06A446C32DFA0B4900B9C0ED /* PBXTargetDependency */,
			);
			fileSystemSynchronizedGroups = (
				06A446C42DFA0B4900B9C0ED /* FetchTakeHomeTests */,
			);
			name = FetchTakeHomeTests;
			packageProductDependencies = (
			);
			productName = FetchTakeHomeTests;
			productReference = 06A446C12DFA0B4900B9C0ED /* FetchTakeHomeTests.xctest */;
			productType = "com.apple.product-type.bundle.unit-test";
		};
		06A446CA2DFA0B4900B9C0ED /* FetchTakeHomeUITests */ = {
			isa = PBXNativeTarget;
			buildConfigurationList = 06A446DB2DFA0B4900B9C0ED /* Build configuration list for PBXNativeTarget "FetchTakeHomeUITests" */;
			buildPhases = (
				06A446C72DFA0B4900B9C0ED /* Sources */,
				06A446C82DFA0B4900B9C0ED /* Frameworks */,
				06A446C92DFA0B4900B9C0ED /* Resources */,
			);
			buildRules = (
			);
			dependencies = (
				06A446CD2DFA0B4900B9C0ED /* PBXTargetDependency */,
			);
			fileSystemSynchronizedGroups = (
				06A446CE2DFA0B4900B9C0ED /* FetchTakeHomeUITests */,
			);
			name = FetchTakeHomeUITests;
			packageProductDependencies = (
			);
			productName = FetchTakeHomeUITests;
			productReference = 06A446CB2DFA0B4900B9C0ED /* FetchTakeHomeUITests.xctest */;
			productType = "com.apple.product-type.bundle.ui-testing";
		};
/* End PBXNativeTarget section */

/* Begin PBXProject section */
		06A446A72DFA0B4800B9C0ED /* Project object */ = {
			isa = PBXProject;
			attributes = {
				BuildIndependentTargetsInParallel = 1;
				LastSwiftUpdateCheck = 1630;
				LastUpgradeCheck = 1630;
				TargetAttributes = {
					06A446AE2DFA0B4800B9C0ED = {
						CreatedOnToolsVersion = 16.3;
					};
					06A446C02DFA0B4900B9C0ED = {
						CreatedOnToolsVersion = 16.3;
						TestTargetID = 06A446AE2DFA0B4800B9C0ED;
					};
					06A446CA2DFA0B4900B9C0ED = {
						CreatedOnToolsVersion = 16.3;
						TestTargetID = 06A446AE2DFA0B4800B9C0ED;
					};
				};
			};
			buildConfigurationList = 06A446AA2DFA0B4800B9C0ED /* Build configuration list for PBXProject "FetchTakeHome" */;
			developmentRegion = en;
			hasScannedForEncodings = 0;
			knownRegions = (
				en,
				Base,
			);
			mainGroup = 06A446A62DFA0B4800B9C0ED;
			minimizedProjectReferenceProxies = 1;
			preferredProjectObjectVersion = 77;
			productRefGroup = 06A446B02DFA0B4800B9C0ED /* Products */;
			projectDirPath = "";
			projectRoot = "";
			targets = (
				06A446AE2DFA0B4800B9C0ED /* FetchTakeHome */,
				06A446C02DFA0B4900B9C0ED /* FetchTakeHomeTests */,
				06A446CA2DFA0B4900B9C0ED /* FetchTakeHomeUITests */,
			);
		};
/* End PBXProject section */

/* Begin PBXResourcesBuildPhase section */
		06A446AD2DFA0B4800B9C0ED /* Resources */ = {
			isa = PBXResourcesBuildPhase;
			buildActionMask = 2147483647;
			files = (
			);
			runOnlyForDeploymentPostprocessing = 0;
		};
		06A446BF2DFA0B4900B9C0ED /* Resources */ = {
			isa = PBXResourcesBuildPhase;
			buildActionMask = 2147483647;
			files = (
			);
			runOnlyForDeploymentPostprocessing = 0;
		};
		06A446C92DFA0B4900B9C0ED /* Resources */ = {
			isa = PBXResourcesBuildPhase;
			buildActionMask = 2147483647;
			files = (
			);
			runOnlyForDeploymentPostprocessing = 0;
		};
/* End PBXResourcesBuildPhase section */

/* Begin PBXSourcesBuildPhase section */
		06A446AB2DFA0B4800B9C0ED /* Sources */ = {
			isa = PBXSourcesBuildPhase;
			buildActionMask = 2147483647;
			files = (
			);
			runOnlyForDeploymentPostprocessing = 0;
		};
		06A446BD2DFA0B4900B9C0ED /* Sources */ = {
			isa = PBXSourcesBuildPhase;
			buildActionMask = 2147483647;
			files = (
			);
			runOnlyForDeploymentPostprocessing = 0;
		};
		06A446C72DFA0B4900B9C0ED /* Sources */ = {
			isa = PBXSourcesBuildPhase;
			buildActionMask = 2147483647;
			files = (
			);
			runOnlyForDeploymentPostprocessing = 0;
		};
/* End PBXSourcesBuildPhase section */

/* Begin PBXTargetDependency section */
		06A446C32DFA0B4900B9C0ED /* PBXTargetDependency */ = {
			isa = PBXTargetDependency;
			target = 06A446AE2DFA0B4800B9C0ED /* FetchTakeHome */;
			targetProxy = 06A446C22DFA0B4900B9C0ED /* PBXContainerItemProxy */;
		};
		06A446CD2DFA0B4900B9C0ED /* PBXTargetDependency */ = {
			isa = PBXTargetDependency;
			target = 06A446AE2DFA0B4800B9C0ED /* FetchTakeHome */;
			targetProxy = 06A446CC2DFA0B4900B9C0ED /* PBXContainerItemProxy */;
		};
/* End PBXTargetDependency section */

/* Begin XCBuildConfiguration section */
		06A446D32DFA0B4900B9C0ED /* Debug */ = {
			isa = XCBuildConfiguration;
			buildSettings = {
				ALWAYS_SEARCH_USER_PATHS = NO;
				ASSETCATALOG_COMPILER_GENERATE_SWIFT_ASSET_SYMBOL_EXTENSIONS = YES;
				CLANG_ANALYZER_NONNULL = YES;
				CLANG_ANALYZER_NUMBER_OBJECT_CONVERSION = YES_AGGRESSIVE;
				CLANG_CXX_LANGUAGE_STANDARD = "gnu++20";
				CLANG_ENABLE_MODULES = YES;
				CLANG_ENABLE_OBJC_ARC = YES;
				CLANG_ENABLE_OBJC_WEAK = YES;
				CLANG_WARN_BLOCK_CAPTURE_AUTORELEASING = YES;
				CLANG_WARN_BOOL_CONVERSION = YES;
				CLANG_WARN_COMMA = YES;
				CLANG_WARN_CONSTANT_CONVERSION = YES;
				CLANG_WARN_DEPRECATED_OBJC_IMPLEMENTATIONS = YES;
				CLANG_WARN_DIRECT_OBJC_ISA_USAGE = YES_ERROR;
				CLANG_WARN_DOCUMENTATION_COMMENTS = YES;
				CLANG_WARN_EMPTY_BODY = YES;
				CLANG_WARN_ENUM_CONVERSION = YES;
				CLANG_WARN_INFINITE_RECURSION = YES;
				CLANG_WARN_INT_CONVERSION = YES;
				CLANG_WARN_NON_LITERAL_NULL_CONVERSION = YES;
				CLANG_WARN_OBJC_IMPLICIT_RETAIN_SELF = YES;
				CLANG_WARN_OBJC_LITERAL_CONVERSION = YES;
				CLANG_WARN_OBJC_ROOT_CLASS = YES_ERROR;
				CLANG_WARN_QUOTED_INCLUDE_IN_FRAMEWORK_HEADER = YES;
				CLANG_WARN_RANGE_LOOP_ANALYSIS = YES;
				CLANG_WARN_STRICT_PROTOTYPES = YES;
				CLANG_WARN_SUSPICIOUS_MOVE = YES;
				CLANG_WARN_UNGUARDED_AVAILABILITY = YES_AGGRESSIVE;
				CLANG_WARN_UNREACHABLE_CODE = YES;
				CLANG_WARN__DUPLICATE_METHOD_MATCH = YES;
				COPY_PHASE_STRIP = NO;
				DEBUG_INFORMATION_FORMAT = dwarf;
				ENABLE_STRICT_OBJC_MSGSEND = YES;
				ENABLE_TESTABILITY = YES;
				ENABLE_USER_SCRIPT_SANDBOXING = YES;
				GCC_C_LANGUAGE_STANDARD = gnu17;
				GCC_DYNAMIC_NO_PIC = NO;
				GCC_NO_COMMON_BLOCKS = YES;
				GCC_OPTIMIZATION_LEVEL = 0;
				GCC_PREPROCESSOR_DEFINITIONS = (
					"DEBUG=1",
					"$(inherited)",
				);
				GCC_WARN_64_TO_32_BIT_CONVERSION = YES;
				GCC_WARN_ABOUT_RETURN_TYPE = YES_ERROR;
				GCC_WARN_UNDECLARED_SELECTOR = YES;
				GCC_WARN_UNINITIALIZED_AUTOS = YES_AGGRESSIVE;
				GCC_WARN_UNUSED_FUNCTION = YES;
				GCC_WARN_UNUSED_VARIABLE = YES;
				IPHONEOS_DEPLOYMENT_TARGET = 18.4;
				LOCALIZATION_PREFERS_STRING_CATALOGS = YES;
				MTL_ENABLE_DEBUG_INFO = INCLUDE_SOURCE;
				MTL_FAST_MATH = YES;
				ONLY_ACTIVE_ARCH = YES;
				SDKROOT = iphoneos;
				SWIFT_ACTIVE_COMPILATION_CONDITIONS = "DEBUG $(inherited)";
				SWIFT_OPTIMIZATION_LEVEL = "-Onone";
			};
			name = Debug;
		};
		06A446D42DFA0B4900B9C0ED /* Release */ = {
			isa = XCBuildConfiguration;
			buildSettings = {
				ALWAYS_SEARCH_USER_PATHS = NO;
				ASSETCATALOG_COMPILER_GENERATE_SWIFT_ASSET_SYMBOL_EXTENSIONS = YES;
				CLANG_ANALYZER_NONNULL = YES;
				CLANG_ANALYZER_NUMBER_OBJECT_CONVERSION = YES_AGGRESSIVE;
				CLANG_CXX_LANGUAGE_STANDARD = "gnu++20";
				CLANG_ENABLE_MODULES = YES;
				CLANG_ENABLE_OBJC_ARC = YES;
				CLANG_ENABLE_OBJC_WEAK = YES;
				CLANG_WARN_BLOCK_CAPTURE_AUTORELEASING = YES;
				CLANG_WARN_BOOL_CONVERSION = YES;
				CLANG_WARN_COMMA = YES;
				CLANG_WARN_CONSTANT_CONVERSION = YES;
				CLANG_WARN_DEPRECATED_OBJC_IMPLEMENTATIONS = YES;
				CLANG_WARN_DIRECT_OBJC_ISA_USAGE = YES_ERROR;
				CLANG_WARN_DOCUMENTATION_COMMENTS = YES;
				CLANG_WARN_EMPTY_BODY = YES;
				CLANG_WARN_ENUM_CONVERSION = YES;
				CLANG_WARN_INFINITE_RECURSION = YES;
				CLANG_WARN_INT_CONVERSION = YES;
				CLANG_WARN_NON_LITERAL_NULL_CONVERSION = YES;
				CLANG_WARN_OBJC_IMPLICIT_RETAIN_SELF = YES;
				CLANG_WARN_OBJC_LITERAL_CONVERSION = YES;
				CLANG_WARN_OBJC_ROOT_CLASS = YES_ERROR;
				CLANG_WARN_QUOTED_INCLUDE_IN_FRAMEWORK_HEADER = YES;
				CLANG_WARN_RANGE_LOOP_ANALYSIS = YES;
				CLANG_WARN_STRICT_PROTOTYPES = YES;
				CLANG_WARN_SUSPICIOUS_MOVE = YES;
				CLANG_WARN_UNGUARDED_AVAILABILITY = YES_AGGRESSIVE;
				CLANG_WARN_UNREACHABLE_CODE = YES;
				CLANG_WARN__DUPLICATE_METHOD_MATCH = YES;
				COPY_PHASE_STRIP = NO;
				DEBUG_INFORMATION_FORMAT = "dwarf-with-dsym";
				ENABLE_NS_ASSERTIONS = NO;
				ENABLE_STRICT_OBJC_MSGSEND = YES;
				ENABLE_USER_SCRIPT_SANDBOXING = YES;
				GCC_C_LANGUAGE_STANDARD = gnu17;
				GCC_NO_COMMON_BLOCKS = YES;
				GCC_WARN_64_TO_32_BIT_CONVERSION = YES;
				GCC_WARN_ABOUT_RETURN_TYPE = YES_ERROR;
				GCC_WARN_UNDECLARED_SELECTOR = YES;
				GCC_WARN_UNINITIALIZED_AUTOS = YES_AGGRESSIVE;
				GCC_WARN_UNUSED_FUNCTION = YES;
				GCC_WARN_UNUSED_VARIABLE = YES;
				IPHONEOS_DEPLOYMENT_TARGET = 18.4;
				LOCALIZATION_PREFERS_STRING_CATALOGS = YES;
				MTL_ENABLE_DEBUG_INFO = NO;
				MTL_FAST_MATH = YES;
				SDKROOT = iphoneos;
				SWIFT_COMPILATION_MODE = wholemodule;
				VALIDATE_PRODUCT = YES;
			};
			name = Release;
		};
		06A446D62DFA0B4900B9C0ED /* Debug */ = {
			isa = XCBuildConfiguration;
			buildSettings = {
				ASSETCATALOG_COMPILER_APPICON_NAME = AppIcon;
				ASSETCATALOG_COMPILER_GLOBAL_ACCENT_COLOR_NAME = AccentColor;
				CODE_SIGN_STYLE = Automatic;
				CURRENT_PROJECT_VERSION = 1;
				ENABLE_PREVIEWS = YES;
				GENERATE_INFOPLIST_FILE = YES;
				INFOPLIST_KEY_UIApplicationSceneManifest_Generation = YES;
				INFOPLIST_KEY_UIApplicationSupportsIndirectInputEvents = YES;
				INFOPLIST_KEY_UILaunchScreen_Generation = YES;
				INFOPLIST_KEY_UISupportedInterfaceOrientations_iPad = "UIInterfaceOrientationPortrait UIInterfaceOrientationPortraitUpsideDown UIInterfaceOrientationLandscapeLeft UIInterfaceOrientationLandscapeRight";
				INFOPLIST_KEY_UISupportedInterfaceOrientations_iPhone = "UIInterfaceOrientationPortrait UIInterfaceOrientationLandscapeLeft UIInterfaceOrientationLandscapeRight";
				LD_RUNPATH_SEARCH_PATHS = (
					"$(inherited)",
					"@executable_path/Frameworks",
				);
				MARKETING_VERSION = 1.0;
				PRODUCT_BUNDLE_IDENTIFIER = com.mk.FetchTakeHome;
				PRODUCT_NAME = "$(TARGET_NAME)";
				SWIFT_EMIT_LOC_STRINGS = YES;
				SWIFT_VERSION = 5.0;
				TARGETED_DEVICE_FAMILY = "1,2";
			};
			name = Debug;
		};
		06A446D72DFA0B4900B9C0ED /* Release */ = {
			isa = XCBuildConfiguration;
			buildSettings = {
				ASSETCATALOG_COMPILER_APPICON_NAME = AppIcon;
				ASSETCATALOG_COMPILER_GLOBAL_ACCENT_COLOR_NAME = AccentColor;
				CODE_SIGN_STYLE = Automatic;
				CURRENT_PROJECT_VERSION = 1;
				ENABLE_PREVIEWS = YES;
				GENERATE_INFOPLIST_FILE = YES;
				INFOPLIST_KEY_UIApplicationSceneManifest_Generation = YES;
				INFOPLIST_KEY_UIApplicationSupportsIndirectInputEvents = YES;
				INFOPLIST_KEY_UILaunchScreen_Generation = YES;
				INFOPLIST_KEY_UISupportedInterfaceOrientations_iPad = "UIInterfaceOrientationPortrait UIInterfaceOrientationPortraitUpsideDown UIInterfaceOrientationLandscapeLeft UIInterfaceOrientationLandscapeRight";
				INFOPLIST_KEY_UISupportedInterfaceOrientations_iPhone = "UIInterfaceOrientationPortrait UIInterfaceOrientationLandscapeLeft UIInterfaceOrientationLandscapeRight";
				LD_RUNPATH_SEARCH_PATHS = (
					"$(inherited)",
					"@executable_path/Frameworks",
				);
				MARKETING_VERSION = 1.0;
				PRODUCT_BUNDLE_IDENTIFIER = com.mk.FetchTakeHome;
				PRODUCT_NAME = "$(TARGET_NAME)";
				SWIFT_EMIT_LOC_STRINGS = YES;
				SWIFT_VERSION = 5.0;
				TARGETED_DEVICE_FAMILY = "1,2";
			};
			name = Release;
		};
		06A446D92DFA0B4900B9C0ED /* Debug */ = {
			isa = XCBuildConfiguration;
			buildSettings = {
				BUNDLE_LOADER = "$(TEST_HOST)";
				CODE_SIGN_STYLE = Automatic;
				CURRENT_PROJECT_VERSION = 1;
				GENERATE_INFOPLIST_FILE = YES;
				IPHONEOS_DEPLOYMENT_TARGET = 18.4;
				MARKETING_VERSION = 1.0;
				PRODUCT_BUNDLE_IDENTIFIER = com.mk.FetchTakeHomeTests;
				PRODUCT_NAME = "$(TARGET_NAME)";
				SWIFT_EMIT_LOC_STRINGS = NO;
				SWIFT_VERSION = 5.0;
				TARGETED_DEVICE_FAMILY = "1,2";
				TEST_HOST = "$(BUILT_PRODUCTS_DIR)/FetchTakeHome.app/$(BUNDLE_EXECUTABLE_FOLDER_PATH)/FetchTakeHome";
			};
			name = Debug;
		};
		06A446DA2DFA0B4900B9C0ED /* Release */ = {
			isa = XCBuildConfiguration;
			buildSettings = {
				BUNDLE_LOADER = "$(TEST_HOST)";
				CODE_SIGN_STYLE = Automatic;
				CURRENT_PROJECT_VERSION = 1;
				GENERATE_INFOPLIST_FILE = YES;
				IPHONEOS_DEPLOYMENT_TARGET = 18.4;
				MARKETING_VERSION = 1.0;
				PRODUCT_BUNDLE_IDENTIFIER = com.mk.FetchTakeHomeTests;
				PRODUCT_NAME = "$(TARGET_NAME)";
				SWIFT_EMIT_LOC_STRINGS = NO;
				SWIFT_VERSION = 5.0;
				TARGETED_DEVICE_FAMILY = "1,2";
				TEST_HOST = "$(BUILT_PRODUCTS_DIR)/FetchTakeHome.app/$(BUNDLE_EXECUTABLE_FOLDER_PATH)/FetchTakeHome";
			};
			name = Release;
		};
		06A446DC2DFA0B4900B9C0ED /* Debug */ = {
			isa = XCBuildConfiguration;
			buildSettings = {
				CODE_SIGN_STYLE = Automatic;
				CURRENT_PROJECT_VERSION = 1;
				GENERATE_INFOPLIST_FILE = YES;
				MARKETING_VERSION = 1.0;
				PRODUCT_BUNDLE_IDENTIFIER = com.mk.FetchTakeHomeUITests;
				PRODUCT_NAME = "$(TARGET_NAME)";
				SWIFT_EMIT_LOC_STRINGS = NO;
				SWIFT_VERSION = 5.0;
				TARGETED_DEVICE_FAMILY = "1,2";
				TEST_TARGET_NAME = FetchTakeHome;
			};
			name = Debug;
		};
		06A446DD2DFA0B4900B9C0ED /* Release */ = {
			isa = XCBuildConfiguration;
			buildSettings = {
				CODE_SIGN_STYLE = Automatic;
				CURRENT_PROJECT_VERSION = 1;
				GENERATE_INFOPLIST_FILE = YES;
				MARKETING_VERSION = 1.0;
				PRODUCT_BUNDLE_IDENTIFIER = com.mk.FetchTakeHomeUITests;
				PRODUCT_NAME = "$(TARGET_NAME)";
				SWIFT_EMIT_LOC_STRINGS = NO;
				SWIFT_VERSION = 5.0;
				TARGETED_DEVICE_FAMILY = "1,2";
				TEST_TARGET_NAME = FetchTakeHome;
			};
			name = Release;
		};
/* End XCBuildConfiguration section */

/* Begin XCConfigurationList section */
		06A446AA2DFA0B4800B9C0ED /* Build configuration list for PBXProject "FetchTakeHome" */ = {
			isa = XCConfigurationList;
			buildConfigurations = (
				06A446D32DFA0B4900B9C0ED /* Debug */,
				06A446D42DFA0B4900B9C0ED /* Release */,
			);
			defaultConfigurationIsVisible = 0;
			defaultConfigurationName = Release;
		};
		06A446D52DFA0B4900B9C0ED /* Build configuration list for PBXNativeTarget "FetchTakeHome" */ = {
			isa = XCConfigurationList;
			buildConfigurations = (
				06A446D62DFA0B4900B9C0ED /* Debug */,
				06A446D72DFA0B4900B9C0ED /* Release */,
			);
			defaultConfigurationIsVisible = 0;
			defaultConfigurationName = Release;
		};
		06A446D82DFA0B4900B9C0ED /* Build configuration list for PBXNativeTarget "FetchTakeHomeTests" */ = {
			isa = XCConfigurationList;
			buildConfigurations = (
				06A446D92DFA0B4900B9C0ED /* Debug */,
				06A446DA2DFA0B4900B9C0ED /* Release */,
			);
			defaultConfigurationIsVisible = 0;
			defaultConfigurationName = Release;
		};
		06A446DB2DFA0B4900B9C0ED /* Build configuration list for PBXNativeTarget "FetchTakeHomeUITests" */ = {
			isa = XCConfigurationList;
			buildConfigurations = (
				06A446DC2DFA0B4900B9C0ED /* Debug */,
				06A446DD2DFA0B4900B9C0ED /* Release */,
			);
			defaultConfigurationIsVisible = 0;
			defaultConfigurationName = Release;
		};
/* End XCConfigurationList section */
	};
	rootObject = 06A446A72DFA0B4800B9C0ED /* Project object */;
}
